
Microsoft Visual Studio Solution File, Format Version 12.00
# Visual Studio Version 16
VisualStudioVersion = 16.0.30503.244
MinimumVisualStudioVersion = 10.0.40219.1
Project("{FAE04EC0-301F-11D3-BF4B-00C04F79EFBC}") = "XYH.api", "XYH.api\XYH.api.csproj", "{0D44152A-7CB3-42C7-9C1A-DB3B96EA2DB5}"
EndProject
Global
	GlobalSection(SolutionConfigurationPlatforms) = preSolution
		Debug|Any CPU = Debug|Any CPU
		Release|Any CPU = Release|Any CPU
	EndGlobalSection
	GlobalSection(ProjectConfigurationPlatforms) = postSolution
		{0D44152A-7CB3-42C7-9C1A-DB3B96EA2DB5}.Debug|Any CPU.ActiveCfg = Debug|Any CPU
		{0D44152A-7CB3-42C7-9C1A-DB3B96EA2DB5}.Debug|Any CPU.Build.0 = Debug|Any CPU
		{0D44152A-7CB3-42C7-9C1A-DB3B96EA2DB5}.Release|Any CPU.ActiveCfg = Release|Any CPU
		{0D44152A-7CB3-42C7-9C1A-DB3B96EA2DB5}.Release|Any CPU.Build.0 = Release|Any CPU
	EndGlobalSection
	GlobalSection(SolutionProperties) = preSolution
		HideSolutionNode = FALSE
	EndGlobalSection
	GlobalSection(ExtensibilityGlobals) = postSolution
		SolutionGuid = {4CA8CE99-6A0F-4BDC-869B-6CC06DFBBEA3}
	EndGlobalSection
EndGlobal
